
Microsoft Visual Studio Solution File, Format Version 12.00
# Visual Studio Version 16
VisualStudioVersion = 16.0.32428.217
MinimumVisualStudioVersion = 10.0.40219.1
Project("{FAE04EC0-301F-11D3-BF4B-00C04F79EFBC}") = "QuickSort", "QuickSort\QuickSort.csproj", "{A6630B31-F0BF-4393-8C9D-84C767A47800}"
EndProject
Project("{FAE04EC0-301F-11D3-BF4B-00C04F79EFBC}") = "TestQuickSort", "TestQuickSort\TestQuickSort.csproj", "{ACAE1E35-2531-456C-ADCD-3EDAC9B32977}"
EndProject
Global
	GlobalSection(SolutionConfigurationPlatforms) = preSolution
		Debug|Any CPU = Debug|Any CPU
		Release|Any CPU = Release|Any CPU
	EndGlobalSection
	GlobalSection(ProjectConfigurationPlatforms) = postSolution
		{A6630B31-F0BF-4393-8C9D-84C767A47800}.Debug|Any CPU.ActiveCfg = Debug|Any CPU
		{A6630B31-F0BF-4393-8C9D-84C767A47800}.Debug|Any CPU.Build.0 = Debug|Any CPU
		{A6630B31-F0BF-4393-8C9D-84C767A47800}.Release|Any CPU.ActiveCfg = Release|Any CPU
		{A6630B31-F0BF-4393-8C9D-84C767A47800}.Release|Any CPU.Build.0 = Release|Any CPU
		{ACAE1E35-2531-456C-ADCD-3EDAC9B32977}.Debug|Any CPU.ActiveCfg = Debug|Any CPU
		{ACAE1E35-2531-456C-ADCD-3EDAC9B32977}.Debug|Any CPU.Build.0 = Debug|Any CPU
		{ACAE1E35-2531-456C-ADCD-3EDAC9B32977}.Release|Any CPU.ActiveCfg = Release|Any CPU
		{ACAE1E35-2531-456C-ADCD-3EDAC9B32977}.Release|Any CPU.Build.0 = Release|Any CPU
	EndGlobalSection
	GlobalSection(SolutionProperties) = preSolution
		HideSolutionNode = FALSE
	EndGlobalSection
	GlobalSection(ExtensibilityGlobals) = postSolution
		SolutionGuid = {539D0D72-784B-4ECE-93AC-0E96AEA5548F}
	EndGlobalSection
EndGlobal
